
Microsoft Visual Studio Solution File, Format Version 12.00
# Visual Studio Version 16
VisualStudioVersion = 16.0.31729.503
MinimumVisualStudioVersion = 10.0.40219.1
Project("{9A19103F-16F7-4668-BE54-9A1E7A4F7556}") = "InAndOut", "InAndOut\InAndOut.csproj", "{0C93A1D3-CAEB-48D3-BCEA-B11637C639D7}"
EndProject
Project("{FAE04EC0-301F-11D3-BF4B-00C04F79EFBC}") = "Core", "Core\Core.csproj", "{0647F227-EC15-453C-A050-F77FB4AD9A37}"
EndProject
Global
	GlobalSection(SolutionConfigurationPlatforms) = preSolution
		Debug|Any CPU = Debug|Any CPU
		Release|Any CPU = Release|Any CPU
	EndGlobalSection
	GlobalSection(ProjectConfigurationPlatforms) = postSolution
		{0C93A1D3-CAEB-48D3-BCEA-B11637C639D7}.Debug|Any CPU.ActiveCfg = Debug|Any CPU
		{0C93A1D3-CAEB-48D3-BCEA-B11637C639D7}.Debug|Any CPU.Build.0 = Debug|Any CPU
		{0C93A1D3-CAEB-48D3-BCEA-B11637C639D7}.Release|Any CPU.ActiveCfg = Release|Any CPU
		{0C93A1D3-CAEB-48D3-BCEA-B11637C639D7}.Release|Any CPU.Build.0 = Release|Any CPU
		{0647F227-EC15-453C-A050-F77FB4AD9A37}.Debug|Any CPU.ActiveCfg = Debug|Any CPU
		{0647F227-EC15-453C-A050-F77FB4AD9A37}.Debug|Any CPU.Build.0 = Debug|Any CPU
		{0647F227-EC15-453C-A050-F77FB4AD9A37}.Release|Any CPU.ActiveCfg = Release|Any CPU
		{0647F227-EC15-453C-A050-F77FB4AD9A37}.Release|Any CPU.Build.0 = Release|Any CPU
	EndGlobalSection
	GlobalSection(SolutionProperties) = preSolution
		HideSolutionNode = FALSE
	EndGlobalSection
	GlobalSection(ExtensibilityGlobals) = postSolution
		SolutionGuid = {7E5C2081-40E7-4D25-BF1A-8BFFA7719E3D}
	EndGlobalSection
EndGlobal
